
Microsoft Visual Studio Solution File, Format Version 12.00
# Visual Studio Version 17
VisualStudioVersion = 17.2.32602.215
MinimumVisualStudioVersion = 10.0.40219.1
Project("{FAE04EC0-301F-11D3-BF4B-00C04F79EFBC}") = "ShopOnline.Web", "ShopOnline.Web\ShopOnline.Web.csproj", "{8EECDB66-3E36-4988-A727-F87F4F358501}"
EndProject
Project("{FAE04EC0-301F-11D3-BF4B-00C04F79EFBC}") = "ShopOnline.Api", "ShopOnline.Api\ShopOnline.Api.csproj", "{B4810EB1-7308-4D1F-9BF6-57E8307DAE6E}"
EndProject
Global
	GlobalSection(SolutionConfigurationPlatforms) = preSolution
		Debug|Any CPU = Debug|Any CPU
		Release|Any CPU = Release|Any CPU
	EndGlobalSection
	GlobalSection(ProjectConfigurationPlatforms) = postSolution
		{8EECDB66-3E36-4988-A727-F87F4F358501}.Debug|Any CPU.ActiveCfg = Debug|Any CPU
		{8EECDB66-3E36-4988-A727-F87F4F358501}.Debug|Any CPU.Build.0 = Debug|Any CPU
		{8EECDB66-3E36-4988-A727-F87F4F358501}.Release|Any CPU.ActiveCfg = Release|Any CPU
		{8EECDB66-3E36-4988-A727-F87F4F358501}.Release|Any CPU.Build.0 = Release|Any CPU
		{B4810EB1-7308-4D1F-9BF6-57E8307DAE6E}.Debug|Any CPU.ActiveCfg = Debug|Any CPU
		{B4810EB1-7308-4D1F-9BF6-57E8307DAE6E}.Debug|Any CPU.Build.0 = Debug|Any CPU
		{B4810EB1-7308-4D1F-9BF6-57E8307DAE6E}.Release|Any CPU.ActiveCfg = Release|Any CPU
		{B4810EB1-7308-4D1F-9BF6-57E8307DAE6E}.Release|Any CPU.Build.0 = Release|Any CPU
	EndGlobalSection
	GlobalSection(SolutionProperties) = preSolution
		HideSolutionNode = FALSE
	EndGlobalSection
	GlobalSection(ExtensibilityGlobals) = postSolution
		SolutionGuid = {195C0772-530C-4620-81B9-D390437556CA}
	EndGlobalSection
EndGlobal
